{
  "name": "@laantungir/nostr-keys",
  "version": "1.0.0",
  "lockfileVersion": 3,
  "requires": true,
  "packages": {
    "": {
      "name": "@laantungir/nostr-keys",
      "version": "1.0.0",
      "license": "ISC",
      "dependencies": {
        "bip44-constants": "^237.0.0"
      },
      "devDependencies": {}
    },
    "node_modules/bip44-constants": {
      "version": "237.0.0",
      "resolved": "https://registry.npmjs.org/bip44-constants/-/bip44-constants-237.0.0.tgz",
      "integrity": "sha512-Kgmy2ysjMGcBFNns4WRb7n5ASwbQMxcCDPYQbW3/azWfzrZ0U59Q1iChTJcpwJXHNQdEWBEG/sm5mUlZqrQShw=="
    }
  }
}
